
Microsoft Visual Studio Solution File, Format Version 12.00
# Visual Studio Version 17
VisualStudioVersion = 17.3.32929.385
MinimumVisualStudioVersion = 10.0.40219.1
Project("{8BC9CEB8-8B4A-11D0-8D11-00A0C91BC942}") = "Kursedzxc", "Kursedzxc\Kursedzxc.vcxproj", "{4E78EB6A-F6AC-4ABA-85E8-00DA15683BCC}"
EndProject
Global
	GlobalSection(SolutionConfigurationPlatforms) = preSolution
		Debug|x64 = Debug|x64
		Debug|x86 = Debug|x86
		Release|x64 = Release|x64
		Release|x86 = Release|x86
	EndGlobalSection
	GlobalSection(ProjectConfigurationPlatforms) = postSolution
		{4E78EB6A-F6AC-4ABA-85E8-00DA15683BCC}.Debug|x64.ActiveCfg = Debug|x64
		{4E78EB6A-F6AC-4ABA-85E8-00DA15683BCC}.Debug|x64.Build.0 = Debug|x64
		{4E78EB6A-F6AC-4ABA-85E8-00DA15683BCC}.Debug|x86.ActiveCfg = Debug|Win32
		{4E78EB6A-F6AC-4ABA-85E8-00DA15683BCC}.Debug|x86.Build.0 = Debug|Win32
		{4E78EB6A-F6AC-4ABA-85E8-00DA15683BCC}.Release|x64.ActiveCfg = Release|x64
		{4E78EB6A-F6AC-4ABA-85E8-00DA15683BCC}.Release|x64.Build.0 = Release|x64
		{4E78EB6A-F6AC-4ABA-85E8-00DA15683BCC}.Release|x86.ActiveCfg = Release|Win32
		{4E78EB6A-F6AC-4ABA-85E8-00DA15683BCC}.Release|x86.Build.0 = Release|Win32
	EndGlobalSection
	GlobalSection(SolutionProperties) = preSolution
		HideSolutionNode = FALSE
	EndGlobalSection
	GlobalSection(ExtensibilityGlobals) = postSolution
		SolutionGuid = {66B5DCA7-622A-4824-A6BE-AE30D985E9CF}
	EndGlobalSection
EndGlobal
